// !$*UTF8*$!
{
	archiveVersion = 1;
	classes = {
	};
	objectVersion = 51;
	objects = {

/* Begin PBXBuildFile section */
		A7A03EED25F6AE3A00D6A75E /* AppDelegate.swift in Sources */ = {isa = PBXBuildFile; fileRef = A7A03EEC25F6AE3A00D6A75E /* AppDelegate.swift */; };
		A7A03EEF25F6AE3A00D6A75E /* SceneDelegate.swift in Sources */ = {isa = PBXBuildFile; fileRef = A7A03EEE25F6AE3A00D6A75E /* SceneDelegate.swift */; };
		A7A03EF125F6AE3A00D6A75E /* ViewController.swift in Sources */ = {isa = PBXBuildFile; fileRef = A7A03EF025F6AE3A00D6A75E /* ViewController.swift */; };
		A7A03EF425F6AE3B00D6A75E /* Main.storyboard in Resources */ = {isa = PBXBuildFile; fileRef = A7A03EF225F6AE3A00D6A75E /* Main.storyboard */; };
		A7A03EF625F6AE3C00D6A75E /* Assets.xcassets in Resources */ = {isa = PBXBuildFile; fileRef = A7A03EF525F6AE3C00D6A75E /* Assets.xcassets */; };
		A7A03EF925F6AE3C00D6A75E /* LaunchScreen.storyboard in Resources */ = {isa = PBXBuildFile; fileRef = A7A03EF725F6AE3C00D6A75E /* LaunchScreen.storyboard */; };
		A7A03F0A25F6B39500D6A75E /* Food.swift in Sources */ = {isa = PBXBuildFile; fileRef = A7A03F0925F6B39500D6A75E /* Food.swift */; };
		A7A03F0F25F6B4FE00D6A75E /* FoodCell.swift in Sources */ = {isa = PBXBuildFile; fileRef = A7A03F0E25F6B4FE00D6A75E /* FoodCell.swift */; };
		A7A03F1425F6B5E700D6A75E /* FoodDetailsVC.swift in Sources */ = {isa = PBXBuildFile; fileRef = A7A03F1325F6B5E700D6A75E /* FoodDetailsVC.swift */; };
		D705B533683F7CA31C9FFFA8 /* Pods_RxSwiftDemo.framework in Frameworks */ = {isa = PBXBuildFile; fileRef = 0154B43F62B26D38050C641F /* Pods_RxSwiftDemo.framework */; };
/* End PBXBuildFile section */

/* Begin PBXFileReference section */
		0154B43F62B26D38050C641F /* Pods_RxSwiftDemo.framework */ = {isa = PBXFileReference; explicitFileType = wrapper.framework; includeInIndex = 0; path = Pods_RxSwiftDemo.framework; sourceTree = BUILT_PRODUCTS_DIR; };
		1E53684C5A660FD7450B4CE9 /* Pods-RxSwiftDemo.release.xcconfig */ = {isa = PBXFileReference; includeInIndex = 1; lastKnownFileType = text.xcconfig; name = "Pods-RxSwiftDemo.release.xcconfig"; path = "Target Support Files/Pods-RxSwiftDemo/Pods-RxSwiftDemo.release.xcconfig"; sourceTree = "<group>"; };
		40E2201081CE14660932E94A /* Pods-RxSwiftDemo.debug.xcconfig */ = {isa = PBXFileReference; includeInIndex = 1; lastKnownFileType = text.xcconfig; name = "Pods-RxSwiftDemo.debug.xcconfig"; path = "Target Support Files/Pods-RxSwiftDemo/Pods-RxSwiftDemo.debug.xcconfig"; sourceTree = "<group>"; };
		A7A03EE925F6AE3A00D6A75E /* RxSwiftDemo.app */ = {isa = PBXFileReference; explicitFileType = wrapper.application; includeInIndex = 0; path = RxSwiftDemo.app; sourceTree = BUILT_PRODUCTS_DIR; };
		A7A03EEC25F6AE3A00D6A75E /* AppDelegate.swift */ = {isa = PBXFileReference; lastKnownFileType = sourcecode.swift; path = AppDelegate.swift; sourceTree = "<group>"; };
		A7A03EEE25F6AE3A00D6A75E /* SceneDelegate.swift */ = {isa = PBXFileReference; lastKnownFileType = sourcecode.swift; path = SceneDelegate.swift; sourceTree = "<group>"; };
		A7A03EF025F6AE3A00D6A75E /* ViewController.swift */ = {isa = PBXFileReference; lastKnownFileType = sourcecode.swift; path = ViewController.swift; sourceTree = "<group>"; };
		A7A03EF325F6AE3A00D6A75E /* Base */ = {isa = PBXFileReference; lastKnownFileType = file.storyboard; name = Base; path = Base.lproj/Main.storyboard; sourceTree = "<group>"; };
		A7A03EF525F6AE3C00D6A75E /* Assets.xcassets */ = {isa = PBXFileReference; lastKnownFileType = folder.assetcatalog; path = Assets.xcassets; sourceTree = "<group>"; };
		A7A03EF825F6AE3C00D6A75E /* Base */ = {isa = PBXFileReference; lastKnownFileType = file.storyboard; name = Base; path = Base.lproj/LaunchScreen.storyboard; sourceTree = "<group>"; };
		A7A03EFA25F6AE3C00D6A75E /* Info.plist */ = {isa = PBXFileReference; lastKnownFileType = text.plist.xml; path = Info.plist; sourceTree = "<group>"; };
		A7A03F0925F6B39500D6A75E /* Food.swift */ = {isa = PBXFileReference; lastKnownFileType = sourcecode.swift; path = Food.swift; sourceTree = "<group>"; };
		A7A03F0E25F6B4FE00D6A75E /* FoodCell.swift */ = {isa = PBXFileReference; lastKnownFileType = sourcecode.swift; path = FoodCell.swift; sourceTree = "<group>"; };
		A7A03F1325F6B5E700D6A75E /* FoodDetailsVC.swift */ = {isa = PBXFileReference; lastKnownFileType = sourcecode.swift; path = FoodDetailsVC.swift; sourceTree = "<group>"; };
/* End PBXFileReference section */

/* Begin PBXFrameworksBuildPhase section */
		A7A03EE625F6AE3A00D6A75E /* Frameworks */ = {
			isa = PBXFrameworksBuildPhase;
			buildActionMask = 2147483647;
			files = (
				D705B533683F7CA31C9FFFA8 /* Pods_RxSwiftDemo.framework in Frameworks */,
			);
			runOnlyForDeploymentPostprocessing = 0;
		};
/* End PBXFrameworksBuildPhase section */

/* Begin PBXGroup section */
		81E1877D27E1600E5174424A /* Frameworks */ = {
			isa = PBXGroup;
			children = (
				0154B43F62B26D38050C641F /* Pods_RxSwiftDemo.framework */,
			);
			name = Frameworks;
			sourceTree = "<group>";
		};
		A7A03EE025F6AE3A00D6A75E = {
			isa = PBXGroup;
			children = (
				A7A03EEB25F6AE3A00D6A75E /* RxSwiftDemo */,
				A7A03EEA25F6AE3A00D6A75E /* Products */,
				BE13946A0BB6EEFF949338E3 /* Pods */,
				81E1877D27E1600E5174424A /* Frameworks */,
			);
			sourceTree = "<group>";
		};
		A7A03EEA25F6AE3A00D6A75E /* Products */ = {
			isa = PBXGroup;
			children = (
				A7A03EE925F6AE3A00D6A75E /* RxSwiftDemo.app */,
			);
			name = Products;
			sourceTree = "<group>";
		};
		A7A03EEB25F6AE3A00D6A75E /* RxSwiftDemo */ = {
			isa = PBXGroup;
			children = (
				A7A03F1225F6B5B800D6A75E /* FoodDetailsVC */,
				A7A03F0D25F6B4DB00D6A75E /* Cells */,
				A7A03F0825F6B38100D6A75E /* Model */,
				A7A03EEC25F6AE3A00D6A75E /* AppDelegate.swift */,
				A7A03EEE25F6AE3A00D6A75E /* SceneDelegate.swift */,
				A7A03EF025F6AE3A00D6A75E /* ViewController.swift */,
				A7A03EF225F6AE3A00D6A75E /* Main.storyboard */,
				A7A03EF525F6AE3C00D6A75E /* Assets.xcassets */,
				A7A03EF725F6AE3C00D6A75E /* LaunchScreen.storyboard */,
				A7A03EFA25F6AE3C00D6A75E /* Info.plist */,
			);
			path = RxSwiftDemo;
			sourceTree = "<group>";
		};
		A7A03F0825F6B38100D6A75E /* Model */ = {
			isa = PBXGroup;
			children = (
				A7A03F0925F6B39500D6A75E /* Food.swift */,
			);
			path = Model;
			sourceTree = "<group>";
		};
		A7A03F0D25F6B4DB00D6A75E /* Cells */ = {
			isa = PBXGroup;
			children = (
				A7A03F0E25F6B4FE00D6A75E /* FoodCell.swift */,
			);
			path = Cells;
			sourceTree = "<group>";
		};
		A7A03F1225F6B5B800D6A75E /* FoodDetailsVC */ = {
			isa = PBXGroup;
			children = (
				A7A03F1325F6B5E700D6A75E /* FoodDetailsVC.swift */,
			);
			path = FoodDetailsVC;
			sourceTree = "<group>";
		};
		BE13946A0BB6EEFF949338E3 /* Pods */ = {
			isa = PBXGroup;
			children = (
				40E2201081CE14660932E94A /* Pods-RxSwiftDemo.debug.xcconfig */,
				1E53684C5A660FD7450B4CE9 /* Pods-RxSwiftDemo.release.xcconfig */,
			);
			path = Pods;
			sourceTree = "<group>";
		};
/* End PBXGroup section */

/* Begin PBXNativeTarget section */
		A7A03EE825F6AE3A00D6A75E /* RxSwiftDemo */ = {
			isa = PBXNativeTarget;
			buildConfigurationList = A7A03EFD25F6AE3C00D6A75E /* Build configuration list for PBXNativeTarget "RxSwiftDemo" */;
			buildPhases = (
				0D96295F134C6447F86852AF /* [CP] Check Pods Manifest.lock */,
				A7A03EE525F6AE3A00D6A75E /* Sources */,
				A7A03EE625F6AE3A00D6A75E /* Frameworks */,
				A7A03EE725F6AE3A00D6A75E /* Resources */,
				CE5C7C6B47A5598A9C51C4BC /* [CP] Embed Pods Frameworks */,
			);
			buildRules = (
			);
			dependencies = (
			);
			name = RxSwiftDemo;
			productName = RxSwiftDemo;
			productReference = A7A03EE925F6AE3A00D6A75E /* RxSwiftDemo.app */;
			productType = "com.apple.product-type.application";
		};
/* End PBXNativeTarget section */

/* Begin PBXProject section */
		A7A03EE125F6AE3A00D6A75E /* Project object */ = {
			isa = PBXProject;
			attributes = {
				LastSwiftUpdateCheck = 1240;
				LastUpgradeCheck = 1240;
				TargetAttributes = {
					A7A03EE825F6AE3A00D6A75E = {
						CreatedOnToolsVersion = 12.4;
					};
				};
			};
			buildConfigurationList = A7A03EE425F6AE3A00D6A75E /* Build configuration list for PBXProject "RxSwiftDemo" */;
			compatibilityVersion = "Xcode 9.3";
			developmentRegion = en;
			hasScannedForEncodings = 0;
			knownRegions = (
				en,
				Base,
			);
			mainGroup = A7A03EE025F6AE3A00D6A75E;
			productRefGroup = A7A03EEA25F6AE3A00D6A75E /* Products */;
			projectDirPath = "";
			projectRoot = "";
			targets = (
				A7A03EE825F6AE3A00D6A75E /* RxSwiftDemo */,
			);
		};
/* End PBXProject section */

/* Begin PBXResourcesBuildPhase section */
		A7A03EE725F6AE3A00D6A75E /* Resources */ = {
			isa = PBXResourcesBuildPhase;
			buildActionMask = 2147483647;
			files = (
				A7A03EF925F6AE3C00D6A75E /* LaunchScreen.storyboard in Resources */,
				A7A03EF625F6AE3C00D6A75E /* Assets.xcassets in Resources */,
				A7A03EF425F6AE3B00D6A75E /* Main.storyboard in Resources */,
			);
			runOnlyForDeploymentPostprocessing = 0;
		};
/* End PBXResourcesBuildPhase section */

/* Begin PBXShellScriptBuildPhase section */
		0D96295F134C6447F86852AF /* [CP] Check Pods Manifest.lock */ = {
			isa = PBXShellScriptBuildPhase;
			buildActionMask = 2147483647;
			files = (
			);
			inputFileListPaths = (
			);
			inputPaths = (
				"${PODS_PODFILE_DIR_PATH}/Podfile.lock",
				"${PODS_ROOT}/Manifest.lock",
			);
			name = "[CP] Check Pods Manifest.lock";
			outputFileListPaths = (
			);
			outputPaths = (
				"$(DERIVED_FILE_DIR)/Pods-RxSwiftDemo-checkManifestLockResult.txt",
			);
			runOnlyForDeploymentPostprocessing = 0;
			shellPath = /bin/sh;
			shellScript = "diff \"${PODS_PODFILE_DIR_PATH}/Podfile.lock\" \"${PODS_ROOT}/Manifest.lock\" > /dev/null\nif [ $? != 0 ] ; then\n    # print error to STDERR\n    echo \"error: The sandbox is not in sync with the Podfile.lock. Run 'pod install' or update your CocoaPods installation.\" >&2\n    exit 1\nfi\n# This output is used by Xcode 'outputs' to avoid re-running this script phase.\necho \"SUCCESS\" > \"${SCRIPT_OUTPUT_FILE_0}\"\n";
			showEnvVarsInLog = 0;
		};
		CE5C7C6B47A5598A9C51C4BC /* [CP] Embed Pods Frameworks */ = {
			isa = PBXShellScriptBuildPhase;
			buildActionMask = 2147483647;
			files = (
			);
			inputFileListPaths = (
				"${PODS_ROOT}/Target Support Files/Pods-RxSwiftDemo/Pods-RxSwiftDemo-frameworks-${CONFIGURATION}-input-files.xcfilelist",
			);
			name = "[CP] Embed Pods Frameworks";
			outputFileListPaths = (
				"${PODS_ROOT}/Target Support Files/Pods-RxSwiftDemo/Pods-RxSwiftDemo-frameworks-${CONFIGURATION}-output-files.xcfilelist",
			);
			runOnlyForDeploymentPostprocessing = 0;
			shellPath = /bin/sh;
			shellScript = "\"${PODS_ROOT}/Target Support Files/Pods-RxSwiftDemo/Pods-RxSwiftDemo-frameworks.sh\"\n";
			showEnvVarsInLog = 0;
		};
/* End PBXShellScriptBuildPhase section */

/* Begin PBXSourcesBuildPhase section */
		A7A03EE525F6AE3A00D6A75E /* Sources */ = {
			isa = PBXSourcesBuildPhase;
			buildActionMask = 2147483647;
			files = (
				A7A03EF125F6AE3A00D6A75E /* ViewController.swift in Sources */,
				A7A03F0A25F6B39500D6A75E /* Food.swift in Sources */,
				A7A03F0F25F6B4FE00D6A75E /* FoodCell.swift in Sources */,
				A7A03F1425F6B5E700D6A75E /* FoodDetailsVC.swift in Sources */,
				A7A03EED25F6AE3A00D6A75E /* AppDelegate.swift in Sources */,
				A7A03EEF25F6AE3A00D6A75E /* SceneDelegate.swift in Sources */,
			);
			runOnlyForDeploymentPostprocessing = 0;
		};
/* End PBXSourcesBuildPhase section */

/* Begin PBXVariantGroup section */
		A7A03EF225F6AE3A00D6A75E /* Main.storyboard */ = {
			isa = PBXVariantGroup;
			children = (
				A7A03EF325F6AE3A00D6A75E /* Base */,
			);
			name = Main.storyboard;
			sourceTree = "<group>";
		};
		A7A03EF725F6AE3C00D6A75E /* LaunchScreen.storyboard */ = {
			isa = PBXVariantGroup;
			children = (
				A7A03EF825F6AE3C00D6A75E /* Base */,
			);
			name = LaunchScreen.storyboard;
			sourceTree = "<group>";
		};
/* End PBXVariantGroup section */

/* Begin XCBuildConfiguration section */
		A7A03EFB25F6AE3C00D6A75E /* Debug */ = {
			isa = XCBuildConfiguration;
			buildSettings = {
				ALWAYS_SEARCH_USER_PATHS = NO;
				CLANG_ANALYZER_NONNULL = YES;
				CLANG_ANALYZER_NUMBER_OBJECT_CONVERSION = YES_AGGRESSIVE;
				CLANG_CXX_LANGUAGE_STANDARD = "gnu++14";
				CLANG_CXX_LIBRARY = "libc++";
				CLANG_ENABLE_MODULES = YES;
				CLANG_ENABLE_OBJC_ARC = YES;
				CLANG_ENABLE_OBJC_WEAK = YES;
				CLANG_WARN_BLOCK_CAPTURE_AUTORELEASING = YES;
				CLANG_WARN_BOOL_CONVERSION = YES;
				CLANG_WARN_COMMA = YES;
				CLANG_WARN_CONSTANT_CONVERSION = YES;
				CLANG_WARN_DEPRECATED_OBJC_IMPLEMENTATIONS = YES;
				CLANG_WARN_DIRECT_OBJC_ISA_USAGE = YES_ERROR;
				CLANG_WARN_DOCUMENTATION_COMMENTS = YES;
				CLANG_WARN_EMPTY_BODY = YES;
				CLANG_WARN_ENUM_CONVERSION = YES;
				CLANG_WARN_INFINITE_RECURSION = YES;
				CLANG_WARN_INT_CONVERSION = YES;
				CLANG_WARN_NON_LITERAL_NULL_CONVERSION = YES;
				CLANG_WARN_OBJC_IMPLICIT_RETAIN_SELF = YES;
				CLANG_WARN_OBJC_LITERAL_CONVERSION = YES;
				CLANG_WARN_OBJC_ROOT_CLASS = YES_ERROR;
				CLANG_WARN_QUOTED_INCLUDE_IN_FRAMEWORK_HEADER = YES;
				CLANG_WARN_RANGE_LOOP_ANALYSIS = YES;
				CLANG_WARN_STRICT_PROTOTYPES = YES;
				CLANG_WARN_SUSPICIOUS_MOVE = YES;
				CLANG_WARN_UNGUARDED_AVAILABILITY = YES_AGGRESSIVE;
				CLANG_WARN_UNREACHABLE_CODE = YES;
				CLANG_WARN__DUPLICATE_METHOD_MATCH = YES;
				COPY_PHASE_STRIP = NO;
				DEBUG_INFORMATION_FORMAT = dwarf;
				ENABLE_STRICT_OBJC_MSGSEND = YES;
				ENABLE_TESTABILITY = YES;
				GCC_C_LANGUAGE_STANDARD = gnu11;
				GCC_DYNAMIC_NO_PIC = NO;
				GCC_NO_COMMON_BLOCKS = YES;
				GCC_OPTIMIZATION_LEVEL = 0;
				GCC_PREPROCESSOR_DEFINITIONS = (
					"DEBUG=1",
					"$(inherited)",
				);
				GCC_WARN_64_TO_32_BIT_CONVERSION = YES;
				GCC_WARN_ABOUT_RETURN_TYPE = YES_ERROR;
				GCC_WARN_UNDECLARED_SELECTOR = YES;
				GCC_WARN_UNINITIALIZED_AUTOS = YES_AGGRESSIVE;
				GCC_WARN_UNUSED_FUNCTION = YES;
				GCC_WARN_UNUSED_VARIABLE = YES;
				IPHONEOS_DEPLOYMENT_TARGET = 14.4;
				MTL_ENABLE_DEBUG_INFO = INCLUDE_SOURCE;
				MTL_FAST_MATH = YES;
				ONLY_ACTIVE_ARCH = YES;
				SDKROOT = iphoneos;
				SWIFT_ACTIVE_COMPILATION_CONDITIONS = DEBUG;
				SWIFT_OPTIMIZATION_LEVEL = "-Onone";
			};
			name = Debug;
		};
		A7A03EFC25F6AE3C00D6A75E /* Release */ = {
			isa = XCBuildConfiguration;
			buildSettings = {
				ALWAYS_SEARCH_USER_PATHS = NO;
				CLANG_ANALYZER_NONNULL = YES;
				CLANG_ANALYZER_NUMBER_OBJECT_CONVERSION = YES_AGGRESSIVE;
				CLANG_CXX_LANGUAGE_STANDARD = "gnu++14";
				CLANG_CXX_LIBRARY = "libc++";
				CLANG_ENABLE_MODULES = YES;
				CLANG_ENABLE_OBJC_ARC = YES;
				CLANG_ENABLE_OBJC_WEAK = YES;
				CLANG_WARN_BLOCK_CAPTURE_AUTORELEASING = YES;
				CLANG_WARN_BOOL_CONVERSION = YES;
				CLANG_WARN_COMMA = YES;
				CLANG_WARN_CONSTANT_CONVERSION = YES;
				CLANG_WARN_DEPRECATED_OBJC_IMPLEMENTATIONS = YES;
				CLANG_WARN_DIRECT_OBJC_ISA_USAGE = YES_ERROR;
				CLANG_WARN_DOCUMENTATION_COMMENTS = YES;
				CLANG_WARN_EMPTY_BODY = YES;
				CLANG_WARN_ENUM_CONVERSION = YES;
				CLANG_WARN_INFINITE_RECURSION = YES;
				CLANG_WARN_INT_CONVERSION = YES;
				CLANG_WARN_NON_LITERAL_NULL_CONVERSION = YES;
				CLANG_WARN_OBJC_IMPLICIT_RETAIN_SELF = YES;
				CLANG_WARN_OBJC_LITERAL_CONVERSION = YES;
				CLANG_WARN_OBJC_ROOT_CLASS = YES_ERROR;
				CLANG_WARN_QUOTED_INCLUDE_IN_FRAMEWORK_HEADER = YES;
				CLANG_WARN_RANGE_LOOP_ANALYSIS = YES;
				CLANG_WARN_STRICT_PROTOTYPES = YES;
				CLANG_WARN_SUSPICIOUS_MOVE = YES;
				CLANG_WARN_UNGUARDED_AVAILABILITY = YES_AGGRESSIVE;
				CLANG_WARN_UNREACHABLE_CODE = YES;
				CLANG_WARN__DUPLICATE_METHOD_MATCH = YES;
				COPY_PHASE_STRIP = NO;
				DEBUG_INFORMATION_FORMAT = "dwarf-with-dsym";
				ENABLE_NS_ASSERTIONS = NO;
				ENABLE_STRICT_OBJC_MSGSEND = YES;
				GCC_C_LANGUAGE_STANDARD = gnu11;
				GCC_NO_COMMON_BLOCKS = YES;
				GCC_WARN_64_TO_32_BIT_CONVERSION = YES;
				GCC_WARN_ABOUT_RETURN_TYPE = YES_ERROR;
				GCC_WARN_UNDECLARED_SELECTOR = YES;
				GCC_WARN_UNINITIALIZED_AUTOS = YES_AGGRESSIVE;
				GCC_WARN_UNUSED_FUNCTION = YES;
				GCC_WARN_UNUSED_VARIABLE = YES;
				IPHONEOS_DEPLOYMENT_TARGET = 14.4;
				MTL_ENABLE_DEBUG_INFO = NO;
				MTL_FAST_MATH = YES;
				SDKROOT = iphoneos;
				SWIFT_COMPILATION_MODE = wholemodule;
				SWIFT_OPTIMIZATION_LEVEL = "-O";
				VALIDATE_PRODUCT = YES;
			};
			name = Release;
		};
		A7A03EFE25F6AE3C00D6A75E /* Debug */ = {
			isa = XCBuildConfiguration;
			baseConfigurationReference = 40E2201081CE14660932E94A /* Pods-RxSwiftDemo.debug.xcconfig */;
			buildSettings = {
				ASSETCATALOG_COMPILER_APPICON_NAME = AppIcon;
				ASSETCATALOG_COMPILER_GLOBAL_ACCENT_COLOR_NAME = AccentColor;
				CODE_SIGN_STYLE = Automatic;
				DEVELOPMENT_TEAM = 868AXWRZ85;
				INFOPLIST_FILE = RxSwiftDemo/Info.plist;
				LD_RUNPATH_SEARCH_PATHS = (
					"$(inherited)",
					"@executable_path/Frameworks",
				);
				PRODUCT_BUNDLE_IDENTIFIER = com.kasper.RxSwift.RxSwiftDemo;
				PRODUCT_NAME = "$(TARGET_NAME)";
				SWIFT_VERSION = 5.0;
				TARGETED_DEVICE_FAMILY = "1,2";
			};
			name = Debug;
		};
		A7A03EFF25F6AE3C00D6A75E /* Release */ = {
			isa = XCBuildConfiguration;
			baseConfigurationReference = 1E53684C5A660FD7450B4CE9 /* Pods-RxSwiftDemo.release.xcconfig */;
			buildSettings = {
				ASSETCATALOG_COMPILER_APPICON_NAME = AppIcon;
				ASSETCATALOG_COMPILER_GLOBAL_ACCENT_COLOR_NAME = AccentColor;
				CODE_SIGN_STYLE = Automatic;
				DEVELOPMENT_TEAM = 868AXWRZ85;
				INFOPLIST_FILE = RxSwiftDemo/Info.plist;
				LD_RUNPATH_SEARCH_PATHS = (
					"$(inherited)",
					"@executable_path/Frameworks",
				);
				PRODUCT_BUNDLE_IDENTIFIER = com.kasper.RxSwift.RxSwiftDemo;
				PRODUCT_NAME = "$(TARGET_NAME)";
				SWIFT_VERSION = 5.0;
				TARGETED_DEVICE_FAMILY = "1,2";
			};
			name = Release;
		};
/* End XCBuildConfiguration section */

/* Begin XCConfigurationList section */
		A7A03EE425F6AE3A00D6A75E /* Build configuration list for PBXProject "RxSwiftDemo" */ = {
			isa = XCConfigurationList;
			buildConfigurations = (
				A7A03EFB25F6AE3C00D6A75E /* Debug */,
				A7A03EFC25F6AE3C00D6A75E /* Release */,
			);
			defaultConfigurationIsVisible = 0;
			defaultConfigurationName = Release;
		};
		A7A03EFD25F6AE3C00D6A75E /* Build configuration list for PBXNativeTarget "RxSwiftDemo" */ = {
			isa = XCConfigurationList;
			buildConfigurations = (
				A7A03EFE25F6AE3C00D6A75E /* Debug */,
				A7A03EFF25F6AE3C00D6A75E /* Release */,
			);
			defaultConfigurationIsVisible = 0;
			defaultConfigurationName = Release;
		};
/* End XCConfigurationList section */
	};
	rootObject = A7A03EE125F6AE3A00D6A75E /* Project object */;
}
